
Microsoft Visual Studio Solution File, Format Version 12.00
# Visual Studio Version 17
VisualStudioVersion = 17.1.32421.90
MinimumVisualStudioVersion = 10.0.40219.1
Project("{2150E333-8FDC-42A3-9474-1A3956D46DE8}") = "ShopManagement", "ShopManagement", "{C3C5F4EF-EBEE-4E6A-80E3-54475DF8051C}"
EndProject
Project("{2150E333-8FDC-42A3-9474-1A3956D46DE8}") = "SM.Domain", "SM.Domain", "{E36C3E36-E2A7-401B-BD56-065979A2F240}"
EndProject
Project("{9A19103F-16F7-4668-BE54-9A1E7A4F7556}") = "ShopManagement.Domain", "ShopManagement.Domain\ShopManagement.Domain.csproj", "{269863D1-3BC9-4FAA-8AAE-035CA2A93030}"
EndProject
Project("{9A19103F-16F7-4668-BE54-9A1E7A4F7556}") = "0_Framework", "0_Framework\0_Framework.csproj", "{DB761372-256A-4EF1-8BB8-39C29E3349A4}"
EndProject
Project("{2150E333-8FDC-42A3-9474-1A3956D46DE8}") = "SM.Application", "SM.Application", "{899442DD-12F2-4C5F-A98B-3A9B356BB9BC}"
EndProject
Project("{9A19103F-16F7-4668-BE54-9A1E7A4F7556}") = "ShopManement.Application.Contracts", "ShopManement.Application.Contracts\ShopManement.Application.Contracts.csproj", "{2D0C9836-5522-4EC4-97E2-E1A0E112BB99}"
EndProject
Project("{9A19103F-16F7-4668-BE54-9A1E7A4F7556}") = "ShopManagement.Application", "ShopManagement.Application\ShopManagement.Application.csproj", "{E0414266-7963-485A-8B48-BE9F0AE05EDB}"
EndProject
Project("{2150E333-8FDC-42A3-9474-1A3956D46DE8}") = "SM.Infrastructure", "SM.Infrastructure", "{D914B8AE-046B-47E2-84A6-EFE43FF72B28}"
EndProject
Project("{9A19103F-16F7-4668-BE54-9A1E7A4F7556}") = "ShopManagement.Infrastructure", "ShopManagement.Infrastructure\ShopManagement.Infrastructure.csproj", "{28BFBDF4-A1E6-4FBA-A59C-80CA2AD7D079}"
EndProject
Project("{9A19103F-16F7-4668-BE54-9A1E7A4F7556}") = "ShopManagement.Configuration", "ShopManagement.Configuration\ShopManagement.Configuration.csproj", "{768327F4-B1D3-4058-8774-44DA334CBB72}"
EndProject
Project("{9A19103F-16F7-4668-BE54-9A1E7A4F7556}") = "ServiceHost", "ServiceHost\ServiceHost.csproj", "{A441DEB2-C8AB-458D-9717-2432AD871320}"
EndProject
Project("{9A19103F-16F7-4668-BE54-9A1E7A4F7556}") = "01_LampShadeQuery", "01_LampShadeQuery\01_LampShadeQuery.csproj", "{F4889C96-1729-4421-981A-6D641B44111C}"
EndProject
Project("{2150E333-8FDC-42A3-9474-1A3956D46DE8}") = "DiscountManagement", "DiscountManagement", "{5A7A3C68-EA00-4295-A26A-B7D3D4825BAF}"
EndProject
Project("{2150E333-8FDC-42A3-9474-1A3956D46DE8}") = "DM.Domain", "DM.Domain", "{3ACC3C46-5ACE-4480-AA9F-F7F8AFDC1CA4}"
EndProject
Project("{9A19103F-16F7-4668-BE54-9A1E7A4F7556}") = "DiscountManagement.Domain", "DiscountManagement.Domain\DiscountManagement.Domain.csproj", "{868505F6-2AC6-4BFE-B6D0-5DCD920470FD}"
EndProject
Project("{2150E333-8FDC-42A3-9474-1A3956D46DE8}") = "DM.Application", "DM.Application", "{301A84E2-A1B8-482C-97A4-79F0D42A40B6}"
EndProject
Project("{9A19103F-16F7-4668-BE54-9A1E7A4F7556}") = "DiscountManagement.Application.Contract", "DiscountManagement.Application.Contract\DiscountManagement.Application.Contract.csproj", "{3CDAE29D-0C58-42FE-9212-4028C70EC631}"
EndProject
Project("{2150E333-8FDC-42A3-9474-1A3956D46DE8}") = "DM.Infrastructure", "DM.Infrastructure", "{443B9439-1B10-4597-B03C-3AC67A72A36C}"
EndProject
Project("{9A19103F-16F7-4668-BE54-9A1E7A4F7556}") = "DiscountManagement.Infrastructure", "DiscountManagement.Infrastructure\DiscountManagement.Infrastructure.csproj", "{09A8017B-5136-44A7-B48F-11DE77E9CC13}"
EndProject
Project("{9A19103F-16F7-4668-BE54-9A1E7A4F7556}") = "DiscountManagement.Application", "DiscountManagement.Application\DiscountManagement.Application.csproj", "{B8C526D3-4717-4A02-ACF2-C5C285FB4EC5}"
EndProject
Project("{9A19103F-16F7-4668-BE54-9A1E7A4F7556}") = "DiscountManagement.Configuration", "DiscountManagement.Configuration\DiscountManagement.Configuration.csproj", "{DD1B3A57-071A-42FC-BCB8-51410A4F5F27}"
EndProject
Project("{2150E333-8FDC-42A3-9474-1A3956D46DE8}") = "InventoryManagement", "InventoryManagement", "{FCA25C11-AFCE-4552-AD19-2E574C62CE2C}"
EndProject
Project("{2150E333-8FDC-42A3-9474-1A3956D46DE8}") = "IM.Domain", "IM.Domain", "{BDE01599-8458-40F1-B999-FD7157BCD25D}"
EndProject
Project("{FAE04EC0-301F-11D3-BF4B-00C04F79EFBC}") = "InventoryManagement.Domain", "InventoryManagement.Domain\InventoryManagement.Domain.csproj", "{D912E781-AE8A-4D0F-B355-C3D8F680A02F}"
EndProject
Project("{2150E333-8FDC-42A3-9474-1A3956D46DE8}") = "IM.Applicatom", "IM.Applicatom", "{867B8740-784C-4611-8CDE-E7185100B3BA}"
EndProject
Project("{FAE04EC0-301F-11D3-BF4B-00C04F79EFBC}") = "InventoryManagement.Application.Contracts", "InventoryManagement.Application.Contracts\InventoryManagement.Application.Contracts.csproj", "{635F7870-04AA-436D-8913-1D76ABD3DD7E}"
EndProject
Project("{2150E333-8FDC-42A3-9474-1A3956D46DE8}") = "IM.Infrastructure", "IM.Infrastructure", "{FAF61212-2572-4CC4-A30D-8D2E56467BF8}"
EndProject
Project("{FAE04EC0-301F-11D3-BF4B-00C04F79EFBC}") = "InventoryManagement.Infrastructure", "InventoryManagement.Infrastructure\InventoryManagement.Infrastructure.csproj", "{849AD010-1BF9-4607-A3FD-A6782F4D98B3}"
EndProject
Project("{FAE04EC0-301F-11D3-BF4B-00C04F79EFBC}") = "InventoryManagement.Configuration", "InventoryManagement.Configuration\InventoryManagement.Configuration.csproj", "{CE4AE4C0-4B20-48AC-B0D8-9D6B64282658}"
EndProject
Project("{FAE04EC0-301F-11D3-BF4B-00C04F79EFBC}") = "InventoryManagement.Application", "InventoryManagement.Application\InventoryManagement.Application.csproj", "{0464EE8F-318D-437B-9887-62F5B4B8182E}"
EndProject
Global
	GlobalSection(SolutionConfigurationPlatforms) = preSolution
		Debug|Any CPU = Debug|Any CPU
		Release|Any CPU = Release|Any CPU
	EndGlobalSection
	GlobalSection(ProjectConfigurationPlatforms) = postSolution
		{269863D1-3BC9-4FAA-8AAE-035CA2A93030}.Debug|Any CPU.ActiveCfg = Debug|Any CPU
		{269863D1-3BC9-4FAA-8AAE-035CA2A93030}.Debug|Any CPU.Build.0 = Debug|Any CPU
		{269863D1-3BC9-4FAA-8AAE-035CA2A93030}.Release|Any CPU.ActiveCfg = Release|Any CPU
		{269863D1-3BC9-4FAA-8AAE-035CA2A93030}.Release|Any CPU.Build.0 = Release|Any CPU
		{DB761372-256A-4EF1-8BB8-39C29E3349A4}.Debug|Any CPU.ActiveCfg = Debug|Any CPU
		{DB761372-256A-4EF1-8BB8-39C29E3349A4}.Debug|Any CPU.Build.0 = Debug|Any CPU
		{DB761372-256A-4EF1-8BB8-39C29E3349A4}.Release|Any CPU.ActiveCfg = Release|Any CPU
		{DB761372-256A-4EF1-8BB8-39C29E3349A4}.Release|Any CPU.Build.0 = Release|Any CPU
		{2D0C9836-5522-4EC4-97E2-E1A0E112BB99}.Debug|Any CPU.ActiveCfg = Debug|Any CPU
		{2D0C9836-5522-4EC4-97E2-E1A0E112BB99}.Debug|Any CPU.Build.0 = Debug|Any CPU
		{2D0C9836-5522-4EC4-97E2-E1A0E112BB99}.Release|Any CPU.ActiveCfg = Release|Any CPU
		{2D0C9836-5522-4EC4-97E2-E1A0E112BB99}.Release|Any CPU.Build.0 = Release|Any CPU
		{E0414266-7963-485A-8B48-BE9F0AE05EDB}.Debug|Any CPU.ActiveCfg = Debug|Any CPU
		{E0414266-7963-485A-8B48-BE9F0AE05EDB}.Debug|Any CPU.Build.0 = Debug|Any CPU
		{E0414266-7963-485A-8B48-BE9F0AE05EDB}.Release|Any CPU.ActiveCfg = Release|Any CPU
		{E0414266-7963-485A-8B48-BE9F0AE05EDB}.Release|Any CPU.Build.0 = Release|Any CPU
		{28BFBDF4-A1E6-4FBA-A59C-80CA2AD7D079}.Debug|Any CPU.ActiveCfg = Debug|Any CPU
		{28BFBDF4-A1E6-4FBA-A59C-80CA2AD7D079}.Debug|Any CPU.Build.0 = Debug|Any CPU
		{28BFBDF4-A1E6-4FBA-A59C-80CA2AD7D079}.Release|Any CPU.ActiveCfg = Release|Any CPU
		{28BFBDF4-A1E6-4FBA-A59C-80CA2AD7D079}.Release|Any CPU.Build.0 = Release|Any CPU
		{768327F4-B1D3-4058-8774-44DA334CBB72}.Debug|Any CPU.ActiveCfg = Debug|Any CPU
		{768327F4-B1D3-4058-8774-44DA334CBB72}.Debug|Any CPU.Build.0 = Debug|Any CPU
		{768327F4-B1D3-4058-8774-44DA334CBB72}.Release|Any CPU.ActiveCfg = Release|Any CPU
		{768327F4-B1D3-4058-8774-44DA334CBB72}.Release|Any CPU.Build.0 = Release|Any CPU
		{A441DEB2-C8AB-458D-9717-2432AD871320}.Debug|Any CPU.ActiveCfg = Debug|Any CPU
		{A441DEB2-C8AB-458D-9717-2432AD871320}.Debug|Any CPU.Build.0 = Debug|Any CPU
		{A441DEB2-C8AB-458D-9717-2432AD871320}.Release|Any CPU.ActiveCfg = Release|Any CPU
		{A441DEB2-C8AB-458D-9717-2432AD871320}.Release|Any CPU.Build.0 = Release|Any CPU
		{F4889C96-1729-4421-981A-6D641B44111C}.Debug|Any CPU.ActiveCfg = Debug|Any CPU
		{F4889C96-1729-4421-981A-6D641B44111C}.Debug|Any CPU.Build.0 = Debug|Any CPU
		{F4889C96-1729-4421-981A-6D641B44111C}.Release|Any CPU.ActiveCfg = Release|Any CPU
		{F4889C96-1729-4421-981A-6D641B44111C}.Release|Any CPU.Build.0 = Release|Any CPU
		{868505F6-2AC6-4BFE-B6D0-5DCD920470FD}.Debug|Any CPU.ActiveCfg = Debug|Any CPU
		{868505F6-2AC6-4BFE-B6D0-5DCD920470FD}.Debug|Any CPU.Build.0 = Debug|Any CPU
		{868505F6-2AC6-4BFE-B6D0-5DCD920470FD}.Release|Any CPU.ActiveCfg = Release|Any CPU
		{868505F6-2AC6-4BFE-B6D0-5DCD920470FD}.Release|Any CPU.Build.0 = Release|Any CPU
		{3CDAE29D-0C58-42FE-9212-4028C70EC631}.Debug|Any CPU.ActiveCfg = Debug|Any CPU
		{3CDAE29D-0C58-42FE-9212-4028C70EC631}.Debug|Any CPU.Build.0 = Debug|Any CPU
		{3CDAE29D-0C58-42FE-9212-4028C70EC631}.Release|Any CPU.ActiveCfg = Release|Any CPU
		{3CDAE29D-0C58-42FE-9212-4028C70EC631}.Release|Any CPU.Build.0 = Release|Any CPU
		{09A8017B-5136-44A7-B48F-11DE77E9CC13}.Debug|Any CPU.ActiveCfg = Debug|Any CPU
		{09A8017B-5136-44A7-B48F-11DE77E9CC13}.Debug|Any CPU.Build.0 = Debug|Any CPU
		{09A8017B-5136-44A7-B48F-11DE77E9CC13}.Release|Any CPU.ActiveCfg = Release|Any CPU
		{09A8017B-5136-44A7-B48F-11DE77E9CC13}.Release|Any CPU.Build.0 = Release|Any CPU
		{B8C526D3-4717-4A02-ACF2-C5C285FB4EC5}.Debug|Any CPU.ActiveCfg = Debug|Any CPU
		{B8C526D3-4717-4A02-ACF2-C5C285FB4EC5}.Debug|Any CPU.Build.0 = Debug|Any CPU
		{B8C526D3-4717-4A02-ACF2-C5C285FB4EC5}.Release|Any CPU.ActiveCfg = Release|Any CPU
		{B8C526D3-4717-4A02-ACF2-C5C285FB4EC5}.Release|Any CPU.Build.0 = Release|Any CPU
		{DD1B3A57-071A-42FC-BCB8-51410A4F5F27}.Debug|Any CPU.ActiveCfg = Debug|Any CPU
		{DD1B3A57-071A-42FC-BCB8-51410A4F5F27}.Debug|Any CPU.Build.0 = Debug|Any CPU
		{DD1B3A57-071A-42FC-BCB8-51410A4F5F27}.Release|Any CPU.ActiveCfg = Release|Any CPU
		{DD1B3A57-071A-42FC-BCB8-51410A4F5F27}.Release|Any CPU.Build.0 = Release|Any CPU
		{D912E781-AE8A-4D0F-B355-C3D8F680A02F}.Debug|Any CPU.ActiveCfg = Debug|Any CPU
		{D912E781-AE8A-4D0F-B355-C3D8F680A02F}.Debug|Any CPU.Build.0 = Debug|Any CPU
		{D912E781-AE8A-4D0F-B355-C3D8F680A02F}.Release|Any CPU.ActiveCfg = Release|Any CPU
		{D912E781-AE8A-4D0F-B355-C3D8F680A02F}.Release|Any CPU.Build.0 = Release|Any CPU
		{635F7870-04AA-436D-8913-1D76ABD3DD7E}.Debug|Any CPU.ActiveCfg = Debug|Any CPU
		{635F7870-04AA-436D-8913-1D76ABD3DD7E}.Debug|Any CPU.Build.0 = Debug|Any CPU
		{635F7870-04AA-436D-8913-1D76ABD3DD7E}.Release|Any CPU.ActiveCfg = Release|Any CPU
		{635F7870-04AA-436D-8913-1D76ABD3DD7E}.Release|Any CPU.Build.0 = Release|Any CPU
		{849AD010-1BF9-4607-A3FD-A6782F4D98B3}.Debug|Any CPU.ActiveCfg = Debug|Any CPU
		{849AD010-1BF9-4607-A3FD-A6782F4D98B3}.Debug|Any CPU.Build.0 = Debug|Any CPU
		{849AD010-1BF9-4607-A3FD-A6782F4D98B3}.Release|Any CPU.ActiveCfg = Release|Any CPU
		{849AD010-1BF9-4607-A3FD-A6782F4D98B3}.Release|Any CPU.Build.0 = Release|Any CPU
		{CE4AE4C0-4B20-48AC-B0D8-9D6B64282658}.Debug|Any CPU.ActiveCfg = Debug|Any CPU
		{CE4AE4C0-4B20-48AC-B0D8-9D6B64282658}.Debug|Any CPU.Build.0 = Debug|Any CPU
		{CE4AE4C0-4B20-48AC-B0D8-9D6B64282658}.Release|Any CPU.ActiveCfg = Release|Any CPU
		{CE4AE4C0-4B20-48AC-B0D8-9D6B64282658}.Release|Any CPU.Build.0 = Release|Any CPU
		{0464EE8F-318D-437B-9887-62F5B4B8182E}.Debug|Any CPU.ActiveCfg = Debug|Any CPU
		{0464EE8F-318D-437B-9887-62F5B4B8182E}.Debug|Any CPU.Build.0 = Debug|Any CPU
		{0464EE8F-318D-437B-9887-62F5B4B8182E}.Release|Any CPU.ActiveCfg = Release|Any CPU
		{0464EE8F-318D-437B-9887-62F5B4B8182E}.Release|Any CPU.Build.0 = Release|Any CPU
	EndGlobalSection
	GlobalSection(SolutionProperties) = preSolution
		HideSolutionNode = FALSE
	EndGlobalSection
	GlobalSection(NestedProjects) = preSolution
		{E36C3E36-E2A7-401B-BD56-065979A2F240} = {C3C5F4EF-EBEE-4E6A-80E3-54475DF8051C}
		{269863D1-3BC9-4FAA-8AAE-035CA2A93030} = {E36C3E36-E2A7-401B-BD56-065979A2F240}
		{899442DD-12F2-4C5F-A98B-3A9B356BB9BC} = {C3C5F4EF-EBEE-4E6A-80E3-54475DF8051C}
		{2D0C9836-5522-4EC4-97E2-E1A0E112BB99} = {899442DD-12F2-4C5F-A98B-3A9B356BB9BC}
		{E0414266-7963-485A-8B48-BE9F0AE05EDB} = {899442DD-12F2-4C5F-A98B-3A9B356BB9BC}
		{D914B8AE-046B-47E2-84A6-EFE43FF72B28} = {C3C5F4EF-EBEE-4E6A-80E3-54475DF8051C}
		{28BFBDF4-A1E6-4FBA-A59C-80CA2AD7D079} = {D914B8AE-046B-47E2-84A6-EFE43FF72B28}
		{768327F4-B1D3-4058-8774-44DA334CBB72} = {D914B8AE-046B-47E2-84A6-EFE43FF72B28}
		{3ACC3C46-5ACE-4480-AA9F-F7F8AFDC1CA4} = {5A7A3C68-EA00-4295-A26A-B7D3D4825BAF}
		{868505F6-2AC6-4BFE-B6D0-5DCD920470FD} = {3ACC3C46-5ACE-4480-AA9F-F7F8AFDC1CA4}
		{301A84E2-A1B8-482C-97A4-79F0D42A40B6} = {5A7A3C68-EA00-4295-A26A-B7D3D4825BAF}
		{3CDAE29D-0C58-42FE-9212-4028C70EC631} = {301A84E2-A1B8-482C-97A4-79F0D42A40B6}
		{443B9439-1B10-4597-B03C-3AC67A72A36C} = {5A7A3C68-EA00-4295-A26A-B7D3D4825BAF}
		{09A8017B-5136-44A7-B48F-11DE77E9CC13} = {443B9439-1B10-4597-B03C-3AC67A72A36C}
		{B8C526D3-4717-4A02-ACF2-C5C285FB4EC5} = {301A84E2-A1B8-482C-97A4-79F0D42A40B6}
		{DD1B3A57-071A-42FC-BCB8-51410A4F5F27} = {443B9439-1B10-4597-B03C-3AC67A72A36C}
		{BDE01599-8458-40F1-B999-FD7157BCD25D} = {FCA25C11-AFCE-4552-AD19-2E574C62CE2C}
		{D912E781-AE8A-4D0F-B355-C3D8F680A02F} = {BDE01599-8458-40F1-B999-FD7157BCD25D}
		{867B8740-784C-4611-8CDE-E7185100B3BA} = {FCA25C11-AFCE-4552-AD19-2E574C62CE2C}
		{635F7870-04AA-436D-8913-1D76ABD3DD7E} = {867B8740-784C-4611-8CDE-E7185100B3BA}
		{FAF61212-2572-4CC4-A30D-8D2E56467BF8} = {FCA25C11-AFCE-4552-AD19-2E574C62CE2C}
		{849AD010-1BF9-4607-A3FD-A6782F4D98B3} = {FAF61212-2572-4CC4-A30D-8D2E56467BF8}
		{CE4AE4C0-4B20-48AC-B0D8-9D6B64282658} = {FAF61212-2572-4CC4-A30D-8D2E56467BF8}
		{0464EE8F-318D-437B-9887-62F5B4B8182E} = {867B8740-784C-4611-8CDE-E7185100B3BA}
	EndGlobalSection
	GlobalSection(ExtensibilityGlobals) = postSolution
		SolutionGuid = {2CBB3F2B-578D-46BA-BD1A-15AB423898C8}
	EndGlobalSection
EndGlobal
